
Microsoft Visual Studio Solution File, Format Version 12.00
# Visual Studio 2015
Project("{FAE04EC0-301F-11D3-BF4B-00C04F79EFBC}") = "RulerApp.CSharp", "RulerApp.CSharp.csproj", "{64A57F2D-8F58-0992-8FB8-F54E9715BACD}"
EndProject
Project("{FAE04EC0-301F-11D3-BF4B-00C04F79EFBC}") = "RulerApp.CSharp.Editor", "RulerApp.CSharp.Editor.csproj", "{B9F64A8D-359E-28F8-A0AA-AF22EDA4AC3C}"
EndProject
Global
	GlobalSection(SolutionConfigurationPlatforms) = preSolution
		Debug|Any CPU = Debug|Any CPU
		Release|Any CPU = Release|Any CPU
	EndGlobalSection
	GlobalSection(ProjectConfigurationPlatforms) = postSolution
		{64A57F2D-8F58-0992-8FB8-F54E9715BACD}.Debug|Any CPU.ActiveCfg = Debug|Any CPU
		{64A57F2D-8F58-0992-8FB8-F54E9715BACD}.Debug|Any CPU.Build.0 = Debug|Any CPU
		{64A57F2D-8F58-0992-8FB8-F54E9715BACD}.Release|Any CPU.ActiveCfg = Release|Any CPU
		{64A57F2D-8F58-0992-8FB8-F54E9715BACD}.Release|Any CPU.Build.0 = Release|Any CPU
		{B9F64A8D-359E-28F8-A0AA-AF22EDA4AC3C}.Debug|Any CPU.ActiveCfg = Debug|Any CPU
		{B9F64A8D-359E-28F8-A0AA-AF22EDA4AC3C}.Debug|Any CPU.Build.0 = Debug|Any CPU
		{B9F64A8D-359E-28F8-A0AA-AF22EDA4AC3C}.Release|Any CPU.ActiveCfg = Release|Any CPU
		{B9F64A8D-359E-28F8-A0AA-AF22EDA4AC3C}.Release|Any CPU.Build.0 = Release|Any CPU
	EndGlobalSection
	GlobalSection(SolutionProperties) = preSolution
		HideSolutionNode = FALSE
	EndGlobalSection
EndGlobal
